
Microsoft Visual Studio Solution File, Format Version 12.00
# Visual Studio Version 16
VisualStudioVersion = 16.0.29509.3
MinimumVisualStudioVersion = 10.0.40219.1
Project("{8BC9CEB8-8B4A-11D0-8D11-00A0C91BC942}") = "d01p01", "d01p01\d01p01.vcxproj", "{1737FCA4-8886-48C3-BF64-78E6B96DF426}"
EndProject
Project("{8BC9CEB8-8B4A-11D0-8D11-00A0C91BC942}") = "d01p02", "d01p02\d01p02.vcxproj", "{E8E019A6-4601-4AEC-AF46-7FDDA624B5EC}"
EndProject
Project("{8BC9CEB8-8B4A-11D0-8D11-00A0C91BC942}") = "d02p01", "d02p01\d02p01.vcxproj", "{1229ABDB-FE90-453B-BC0D-752E04A38E4F}"
EndProject
Project("{8BC9CEB8-8B4A-11D0-8D11-00A0C91BC942}") = "d02p02", "d02p02\d02p02.vcxproj", "{172C442D-D48A-4650-8EA6-4C70681CD64B}"
EndProject
Project("{8BC9CEB8-8B4A-11D0-8D11-00A0C91BC942}") = "d03p01", "d03p01\d03p01.vcxproj", "{1762B222-4964-47B3-B5AC-DF074C6971E1}"
EndProject
Project("{8BC9CEB8-8B4A-11D0-8D11-00A0C91BC942}") = "d03p02", "d03p02\d03p02.vcxproj", "{A5391B74-B7B3-48F4-8DD9-EEBEC5C9878E}"
EndProject
Project("{8BC9CEB8-8B4A-11D0-8D11-00A0C91BC942}") = "d04p01", "d04p01\d04p01.vcxproj", "{6F922CE8-C0C1-419C-BFEB-0A1C1B9735B1}"
EndProject
Project("{8BC9CEB8-8B4A-11D0-8D11-00A0C91BC942}") = "d04p02", "d04p02\d04p02.vcxproj", "{9B6FF5F8-10C3-4733-AC37-696EB52DB8D8}"
EndProject
Project("{8BC9CEB8-8B4A-11D0-8D11-00A0C91BC942}") = "d05p01", "d05p01\d05p01.vcxproj", "{1276C377-DA13-4EFA-8F58-E779B5320EDA}"
EndProject
Project("{8BC9CEB8-8B4A-11D0-8D11-00A0C91BC942}") = "d05p02", "d05p02\d05p02.vcxproj", "{3B6BF579-BC60-4069-9810-3937DD28B05E}"
EndProject
Global
	GlobalSection(SolutionConfigurationPlatforms) = preSolution
		Debug|x64 = Debug|x64
		Debug|x86 = Debug|x86
		Release|x64 = Release|x64
		Release|x86 = Release|x86
	EndGlobalSection
	GlobalSection(ProjectConfigurationPlatforms) = postSolution
		{1737FCA4-8886-48C3-BF64-78E6B96DF426}.Debug|x64.ActiveCfg = Debug|x64
		{1737FCA4-8886-48C3-BF64-78E6B96DF426}.Debug|x64.Build.0 = Debug|x64
		{1737FCA4-8886-48C3-BF64-78E6B96DF426}.Debug|x86.ActiveCfg = Debug|Win32
		{1737FCA4-8886-48C3-BF64-78E6B96DF426}.Debug|x86.Build.0 = Debug|Win32
		{1737FCA4-8886-48C3-BF64-78E6B96DF426}.Release|x64.ActiveCfg = Release|x64
		{1737FCA4-8886-48C3-BF64-78E6B96DF426}.Release|x64.Build.0 = Release|x64
		{1737FCA4-8886-48C3-BF64-78E6B96DF426}.Release|x86.ActiveCfg = Release|Win32
		{1737FCA4-8886-48C3-BF64-78E6B96DF426}.Release|x86.Build.0 = Release|Win32
		{E8E019A6-4601-4AEC-AF46-7FDDA624B5EC}.Debug|x64.ActiveCfg = Debug|x64
		{E8E019A6-4601-4AEC-AF46-7FDDA624B5EC}.Debug|x64.Build.0 = Debug|x64
		{E8E019A6-4601-4AEC-AF46-7FDDA624B5EC}.Debug|x86.ActiveCfg = Debug|Win32
		{E8E019A6-4601-4AEC-AF46-7FDDA624B5EC}.Debug|x86.Build.0 = Debug|Win32
		{E8E019A6-4601-4AEC-AF46-7FDDA624B5EC}.Release|x64.ActiveCfg = Release|x64
		{E8E019A6-4601-4AEC-AF46-7FDDA624B5EC}.Release|x64.Build.0 = Release|x64
		{E8E019A6-4601-4AEC-AF46-7FDDA624B5EC}.Release|x86.ActiveCfg = Release|Win32
		{E8E019A6-4601-4AEC-AF46-7FDDA624B5EC}.Release|x86.Build.0 = Release|Win32
		{1229ABDB-FE90-453B-BC0D-752E04A38E4F}.Debug|x64.ActiveCfg = Debug|x64
		{1229ABDB-FE90-453B-BC0D-752E04A38E4F}.Debug|x64.Build.0 = Debug|x64
		{1229ABDB-FE90-453B-BC0D-752E04A38E4F}.Debug|x86.ActiveCfg = Debug|Win32
		{1229ABDB-FE90-453B-BC0D-752E04A38E4F}.Debug|x86.Build.0 = Debug|Win32
		{1229ABDB-FE90-453B-BC0D-752E04A38E4F}.Release|x64.ActiveCfg = Release|x64
		{1229ABDB-FE90-453B-BC0D-752E04A38E4F}.Release|x64.Build.0 = Release|x64
		{1229ABDB-FE90-453B-BC0D-752E04A38E4F}.Release|x86.ActiveCfg = Release|Win32
		{1229ABDB-FE90-453B-BC0D-752E04A38E4F}.Release|x86.Build.0 = Release|Win32
		{172C442D-D48A-4650-8EA6-4C70681CD64B}.Debug|x64.ActiveCfg = Debug|x64
		{172C442D-D48A-4650-8EA6-4C70681CD64B}.Debug|x64.Build.0 = Debug|x64
		{172C442D-D48A-4650-8EA6-4C70681CD64B}.Debug|x86.ActiveCfg = Debug|Win32
		{172C442D-D48A-4650-8EA6-4C70681CD64B}.Debug|x86.Build.0 = Debug|Win32
		{172C442D-D48A-4650-8EA6-4C70681CD64B}.Release|x64.ActiveCfg = Release|x64
		{172C442D-D48A-4650-8EA6-4C70681CD64B}.Release|x64.Build.0 = Release|x64
		{172C442D-D48A-4650-8EA6-4C70681CD64B}.Release|x86.ActiveCfg = Release|Win32
		{172C442D-D48A-4650-8EA6-4C70681CD64B}.Release|x86.Build.0 = Release|Win32
		{1762B222-4964-47B3-B5AC-DF074C6971E1}.Debug|x64.ActiveCfg = Debug|x64
		{1762B222-4964-47B3-B5AC-DF074C6971E1}.Debug|x64.Build.0 = Debug|x64
		{1762B222-4964-47B3-B5AC-DF074C6971E1}.Debug|x86.ActiveCfg = Debug|Win32
		{1762B222-4964-47B3-B5AC-DF074C6971E1}.Debug|x86.Build.0 = Debug|Win32
		{1762B222-4964-47B3-B5AC-DF074C6971E1}.Release|x64.ActiveCfg = Release|x64
		{1762B222-4964-47B3-B5AC-DF074C6971E1}.Release|x64.Build.0 = Release|x64
		{1762B222-4964-47B3-B5AC-DF074C6971E1}.Release|x86.ActiveCfg = Release|Win32
		{1762B222-4964-47B3-B5AC-DF074C6971E1}.Release|x86.Build.0 = Release|Win32
		{A5391B74-B7B3-48F4-8DD9-EEBEC5C9878E}.Debug|x64.ActiveCfg = Debug|x64
		{A5391B74-B7B3-48F4-8DD9-EEBEC5C9878E}.Debug|x64.Build.0 = Debug|x64
		{A5391B74-B7B3-48F4-8DD9-EEBEC5C9878E}.Debug|x86.ActiveCfg = Debug|Win32
		{A5391B74-B7B3-48F4-8DD9-EEBEC5C9878E}.Debug|x86.Build.0 = Debug|Win32
		{A5391B74-B7B3-48F4-8DD9-EEBEC5C9878E}.Release|x64.ActiveCfg = Release|x64
		{A5391B74-B7B3-48F4-8DD9-EEBEC5C9878E}.Release|x64.Build.0 = Release|x64
		{A5391B74-B7B3-48F4-8DD9-EEBEC5C9878E}.Release|x86.ActiveCfg = Release|Win32
		{A5391B74-B7B3-48F4-8DD9-EEBEC5C9878E}.Release|x86.Build.0 = Release|Win32
		{6F922CE8-C0C1-419C-BFEB-0A1C1B9735B1}.Debug|x64.ActiveCfg = Debug|x64
		{6F922CE8-C0C1-419C-BFEB-0A1C1B9735B1}.Debug|x64.Build.0 = Debug|x64
		{6F922CE8-C0C1-419C-BFEB-0A1C1B9735B1}.Debug|x86.ActiveCfg = Debug|Win32
		{6F922CE8-C0C1-419C-BFEB-0A1C1B9735B1}.Debug|x86.Build.0 = Debug|Win32
		{6F922CE8-C0C1-419C-BFEB-0A1C1B9735B1}.Release|x64.ActiveCfg = Release|x64
		{6F922CE8-C0C1-419C-BFEB-0A1C1B9735B1}.Release|x64.Build.0 = Release|x64
		{6F922CE8-C0C1-419C-BFEB-0A1C1B9735B1}.Release|x86.ActiveCfg = Release|Win32
		{6F922CE8-C0C1-419C-BFEB-0A1C1B9735B1}.Release|x86.Build.0 = Release|Win32
		{9B6FF5F8-10C3-4733-AC37-696EB52DB8D8}.Debug|x64.ActiveCfg = Debug|x64
		{9B6FF5F8-10C3-4733-AC37-696EB52DB8D8}.Debug|x64.Build.0 = Debug|x64
		{9B6FF5F8-10C3-4733-AC37-696EB52DB8D8}.Debug|x86.ActiveCfg = Debug|Win32
		{9B6FF5F8-10C3-4733-AC37-696EB52DB8D8}.Debug|x86.Build.0 = Debug|Win32
		{9B6FF5F8-10C3-4733-AC37-696EB52DB8D8}.Release|x64.ActiveCfg = Release|x64
		{9B6FF5F8-10C3-4733-AC37-696EB52DB8D8}.Release|x64.Build.0 = Release|x64
		{9B6FF5F8-10C3-4733-AC37-696EB52DB8D8}.Release|x86.ActiveCfg = Release|Win32
		{9B6FF5F8-10C3-4733-AC37-696EB52DB8D8}.Release|x86.Build.0 = Release|Win32
		{1276C377-DA13-4EFA-8F58-E779B5320EDA}.Debug|x64.ActiveCfg = Debug|x64
		{1276C377-DA13-4EFA-8F58-E779B5320EDA}.Debug|x64.Build.0 = Debug|x64
		{1276C377-DA13-4EFA-8F58-E779B5320EDA}.Debug|x86.ActiveCfg = Debug|Win32
		{1276C377-DA13-4EFA-8F58-E779B5320EDA}.Debug|x86.Build.0 = Debug|Win32
		{1276C377-DA13-4EFA-8F58-E779B5320EDA}.Release|x64.ActiveCfg = Release|x64
		{1276C377-DA13-4EFA-8F58-E779B5320EDA}.Release|x64.Build.0 = Release|x64
		{1276C377-DA13-4EFA-8F58-E779B5320EDA}.Release|x86.ActiveCfg = Release|Win32
		{1276C377-DA13-4EFA-8F58-E779B5320EDA}.Release|x86.Build.0 = Release|Win32
		{3B6BF579-BC60-4069-9810-3937DD28B05E}.Debug|x64.ActiveCfg = Debug|x64
		{3B6BF579-BC60-4069-9810-3937DD28B05E}.Debug|x64.Build.0 = Debug|x64
		{3B6BF579-BC60-4069-9810-3937DD28B05E}.Debug|x86.ActiveCfg = Debug|Win32
		{3B6BF579-BC60-4069-9810-3937DD28B05E}.Debug|x86.Build.0 = Debug|Win32
		{3B6BF579-BC60-4069-9810-3937DD28B05E}.Release|x64.ActiveCfg = Release|x64
		{3B6BF579-BC60-4069-9810-3937DD28B05E}.Release|x64.Build.0 = Release|x64
		{3B6BF579-BC60-4069-9810-3937DD28B05E}.Release|x86.ActiveCfg = Release|Win32
		{3B6BF579-BC60-4069-9810-3937DD28B05E}.Release|x86.Build.0 = Release|Win32
	EndGlobalSection
	GlobalSection(SolutionProperties) = preSolution
		HideSolutionNode = FALSE
	EndGlobalSection
	GlobalSection(ExtensibilityGlobals) = postSolution
		SolutionGuid = {9A23204D-E1C5-402B-8F60-48EFA16E1ACA}
	EndGlobalSection
EndGlobal
