
Microsoft Visual Studio Solution File, Format Version 12.00
# Visual Studio 15
VisualStudioVersion = 15.0.27004.2005
MinimumVisualStudioVersion = 10.0.40219.1
Project("{8BC9CEB8-8B4A-11D0-8D11-00A0C91BC942}") = "D08-1", "D08-1\D08-1.vcxproj", "{2665E1FD-37FB-4A1B-BAB4-A63C35575261}"
EndProject
Project("{2150E333-8FDC-42A3-9474-1A3956D46DE8}") = "Solution Items", "Solution Items", "{235AB35A-8363-4BAA-9B9C-1650A6B5B11D}"
	ProjectSection(SolutionItems) = preProject
		input.txt = input.txt
	EndProjectSection
EndProject
Project("{8BC9CEB8-8B4A-11D0-8D11-00A0C91BC942}") = "D08-2", "D08-2\D08-2.vcxproj", "{252C2DE1-1D32-44E7-8075-6AAFC87DE38A}"
EndProject
Global
	GlobalSection(SolutionConfigurationPlatforms) = preSolution
		Debug|x64 = Debug|x64
		Debug|x86 = Debug|x86
		Release|x64 = Release|x64
		Release|x86 = Release|x86
	EndGlobalSection
	GlobalSection(ProjectConfigurationPlatforms) = postSolution
		{2665E1FD-37FB-4A1B-BAB4-A63C35575261}.Debug|x64.ActiveCfg = Debug|x64
		{2665E1FD-37FB-4A1B-BAB4-A63C35575261}.Debug|x64.Build.0 = Debug|x64
		{2665E1FD-37FB-4A1B-BAB4-A63C35575261}.Debug|x86.ActiveCfg = Debug|Win32
		{2665E1FD-37FB-4A1B-BAB4-A63C35575261}.Debug|x86.Build.0 = Debug|Win32
		{2665E1FD-37FB-4A1B-BAB4-A63C35575261}.Release|x64.ActiveCfg = Release|x64
		{2665E1FD-37FB-4A1B-BAB4-A63C35575261}.Release|x64.Build.0 = Release|x64
		{2665E1FD-37FB-4A1B-BAB4-A63C35575261}.Release|x86.ActiveCfg = Release|Win32
		{2665E1FD-37FB-4A1B-BAB4-A63C35575261}.Release|x86.Build.0 = Release|Win32
		{252C2DE1-1D32-44E7-8075-6AAFC87DE38A}.Debug|x64.ActiveCfg = Debug|x64
		{252C2DE1-1D32-44E7-8075-6AAFC87DE38A}.Debug|x64.Build.0 = Debug|x64
		{252C2DE1-1D32-44E7-8075-6AAFC87DE38A}.Debug|x86.ActiveCfg = Debug|Win32
		{252C2DE1-1D32-44E7-8075-6AAFC87DE38A}.Debug|x86.Build.0 = Debug|Win32
		{252C2DE1-1D32-44E7-8075-6AAFC87DE38A}.Release|x64.ActiveCfg = Release|x64
		{252C2DE1-1D32-44E7-8075-6AAFC87DE38A}.Release|x64.Build.0 = Release|x64
		{252C2DE1-1D32-44E7-8075-6AAFC87DE38A}.Release|x86.ActiveCfg = Release|Win32
		{252C2DE1-1D32-44E7-8075-6AAFC87DE38A}.Release|x86.Build.0 = Release|Win32
	EndGlobalSection
	GlobalSection(SolutionProperties) = preSolution
		HideSolutionNode = FALSE
	EndGlobalSection
	GlobalSection(ExtensibilityGlobals) = postSolution
		SolutionGuid = {05DDBFA9-4511-4F29-A95D-88F012E3AC3E}
	EndGlobalSection
EndGlobal
